
Microsoft Visual Studio Solution File, Format Version 12.00
# Visual Studio 15
VisualStudioVersion = 15.0.28307.779
MinimumVisualStudioVersion = 10.0.40219.1
Project("{FAE04EC0-301F-11D3-BF4B-00C04F79EFBC}") = "ComercioFormu", "WindowsFormsApp2\ComercioFormu.csproj", "{0A51184A-813C-4E1A-BD83-FA739F3A826C}"
EndProject
Project("{FAE04EC0-301F-11D3-BF4B-00C04F79EFBC}") = "Dominio", "Dominio\Dominio.csproj", "{0422AEE9-47A4-4BB1-B1F5-484C80B17543}"
EndProject
Project("{FAE04EC0-301F-11D3-BF4B-00C04F79EFBC}") = "Negocio", "Negocio\Negocio.csproj", "{B1357130-282F-4406-B20F-A47FF718A989}"
EndProject
Global
	GlobalSection(SolutionConfigurationPlatforms) = preSolution
		Debug|Any CPU = Debug|Any CPU
		Release|Any CPU = Release|Any CPU
	EndGlobalSection
	GlobalSection(ProjectConfigurationPlatforms) = postSolution
		{0A51184A-813C-4E1A-BD83-FA739F3A826C}.Debug|Any CPU.ActiveCfg = Debug|Any CPU
		{0A51184A-813C-4E1A-BD83-FA739F3A826C}.Debug|Any CPU.Build.0 = Debug|Any CPU
		{0A51184A-813C-4E1A-BD83-FA739F3A826C}.Release|Any CPU.ActiveCfg = Release|Any CPU
		{0A51184A-813C-4E1A-BD83-FA739F3A826C}.Release|Any CPU.Build.0 = Release|Any CPU
		{0422AEE9-47A4-4BB1-B1F5-484C80B17543}.Debug|Any CPU.ActiveCfg = Debug|Any CPU
		{0422AEE9-47A4-4BB1-B1F5-484C80B17543}.Debug|Any CPU.Build.0 = Debug|Any CPU
		{0422AEE9-47A4-4BB1-B1F5-484C80B17543}.Release|Any CPU.ActiveCfg = Release|Any CPU
		{0422AEE9-47A4-4BB1-B1F5-484C80B17543}.Release|Any CPU.Build.0 = Release|Any CPU
		{B1357130-282F-4406-B20F-A47FF718A989}.Debug|Any CPU.ActiveCfg = Debug|Any CPU
		{B1357130-282F-4406-B20F-A47FF718A989}.Debug|Any CPU.Build.0 = Debug|Any CPU
		{B1357130-282F-4406-B20F-A47FF718A989}.Release|Any CPU.ActiveCfg = Release|Any CPU
		{B1357130-282F-4406-B20F-A47FF718A989}.Release|Any CPU.Build.0 = Release|Any CPU
	EndGlobalSection
	GlobalSection(SolutionProperties) = preSolution
		HideSolutionNode = FALSE
	EndGlobalSection
	GlobalSection(ExtensibilityGlobals) = postSolution
		SolutionGuid = {42C3BDF6-48E1-45A1-BEBC-9DFF1A8D0354}
	EndGlobalSection
EndGlobal
